{
  "name": "task-management-system",
  "version": "1.0.0",
  "lockfileVersion": 2,
  "requires": true,
  "packages": {
    "accepts": {
      "version": "1.3.7",
      "resolved": "https://registry.npmjs.org/accepts/-/accepts-1.3.7.tgz",
      "integrity": "sha512-3z6LRR1+aWfK2UF8Bf4n5lTc+bRIBBFYGVr5OeAqY6ZCVYZW/8ve3O/K1P5f+3u8BOOFi1eDvLk4z4aUe1f5xg==",
      "dependencies": {
        "mime-types": "~2.1.24",
        "negotiator": "0.6.2"
      }
    },
    "acorn": {
      "version": "5.7.4",
      "resolved": "https://registry.npmjs.org/acorn/-/acorn-5.7.4.tgz",
      "integrity": "sha512-5+GTHq1mz5f1ASq8uM1fg8Afxm1sz5xAzEzR4xg0EpN+hgzlC2+BN3sG5BF+wA07DXQHb8lIeYoMzSGXsMKJcOw=="
    },
    // ... other dependencies ...
  },
  "dependencies": {
    "accepts": {
      "version": "1.3.7",
      "resolved": "https://registry.npmjs.org/accepts/-/accepts-1.3.7.tgz",
      "integrity": "sha512-3z6LRR1+aWfK2UF8Bf4n5lTc+bRIBBFYGVr5OeAqY6ZCVYZW/8ve3O/K1P5f+3u8BOOFi1eDvLk4z4aUe1f5xg==",
      "dependencies": {
        "mime-types": "~2.1.24",
        "negotiator": "0.6.2"
      }
    },
    "acorn": {
      "version": "5.7.4",
      "resolved": "https://registry.npmjs.org/acorn/-/acorn-5.7.4.tgz",
      "integrity": "sha512-5+GTHq1mz5f1ASq8uM1fg8Afxm1sz5xAzEzR4xg0EpN+hgzlC2+BN3sG5BF+wA07DXQHb8lIeYoMzSGXsMKJcOw=="
    },

  }
}
